
Microsoft Visual Studio Solution File, Format Version 11.00
# Visual Studio 2010
Project("{FAE04EC0-301F-11D3-BF4B-00C04F79EFBC}") = "AstarPathfindingProject", "AstarPathfindingProject.csproj", "{4ada5e38-bb58-8c2a-b110-1398a69d1887}"
EndProject
Project("{FAE04EC0-301F-11D3-BF4B-00C04F79EFBC}") = "Assembly-CSharp", "Assembly-CSharp.csproj", "{403e2ed5-bfda-b223-562f-56f082fb6281}"
EndProject
Project("{FAE04EC0-301F-11D3-BF4B-00C04F79EFBC}") = "AstarPathfindingProjectEditor", "AstarPathfindingProjectEditor.csproj", "{90361563-5832-f8f1-23a6-74235c9b5ce1}"
EndProject
Project("{FAE04EC0-301F-11D3-BF4B-00C04F79EFBC}") = "Assembly-CSharp-Editor", "Assembly-CSharp-Editor.csproj", "{7669b06e-3405-7d09-c0fb-7e3e10d08f3a}"
EndProject
Project("{FAE04EC0-301F-11D3-BF4B-00C04F79EFBC}") = "PackageToolsEditor", "PackageToolsEditor.csproj", "{295e715a-ce53-ddcb-f017-8b68a8fa85f5}"
EndProject
Global
	GlobalSection(SolutionConfigurationPlatforms) = preSolution
		Debug|Any CPU = Debug|Any CPU
	EndGlobalSection
	GlobalSection(ProjectConfigurationPlatforms) = postSolution
		{4ada5e38-bb58-8c2a-b110-1398a69d1887}.Debug|Any CPU.ActiveCfg = Debug|Any CPU
		{4ada5e38-bb58-8c2a-b110-1398a69d1887}.Debug|Any CPU.Build.0 = Debug|Any CPU
		{403e2ed5-bfda-b223-562f-56f082fb6281}.Debug|Any CPU.ActiveCfg = Debug|Any CPU
		{403e2ed5-bfda-b223-562f-56f082fb6281}.Debug|Any CPU.Build.0 = Debug|Any CPU
		{90361563-5832-f8f1-23a6-74235c9b5ce1}.Debug|Any CPU.ActiveCfg = Debug|Any CPU
		{90361563-5832-f8f1-23a6-74235c9b5ce1}.Debug|Any CPU.Build.0 = Debug|Any CPU
		{7669b06e-3405-7d09-c0fb-7e3e10d08f3a}.Debug|Any CPU.ActiveCfg = Debug|Any CPU
		{7669b06e-3405-7d09-c0fb-7e3e10d08f3a}.Debug|Any CPU.Build.0 = Debug|Any CPU
		{295e715a-ce53-ddcb-f017-8b68a8fa85f5}.Debug|Any CPU.ActiveCfg = Debug|Any CPU
		{295e715a-ce53-ddcb-f017-8b68a8fa85f5}.Debug|Any CPU.Build.0 = Debug|Any CPU
	EndGlobalSection
	GlobalSection(SolutionProperties) = preSolution
		HideSolutionNode = FALSE
	EndGlobalSection
EndGlobal
